// !$*UTF8*$!
{
	archiveVersion = 1;
	classes = {
	};
	objectVersion = 48;
	objects = {

/* Begin PBXBuildFile section */
		C4EC56C61FC661FE00A5AD27 /* AppDelegate.swift in Sources */ = {isa = PBXBuildFile; fileRef = C4EC56C51FC661FE00A5AD27 /* AppDelegate.swift */; };
		C4EC56C81FC661FE00A5AD27 /* ViewController.swift in Sources */ = {isa = PBXBuildFile; fileRef = C4EC56C71FC661FE00A5AD27 /* ViewController.swift */; };
		C4EC56CB1FC661FE00A5AD27 /* Main.storyboard in Resources */ = {isa = PBXBuildFile; fileRef = C4EC56C91FC661FE00A5AD27 /* Main.storyboard */; };
		C4EC56CD1FC661FE00A5AD27 /* Assets.xcassets in Resources */ = {isa = PBXBuildFile; fileRef = C4EC56CC1FC661FE00A5AD27 /* Assets.xcassets */; };
		C4EC56D01FC661FE00A5AD27 /* LaunchScreen.storyboard in Resources */ = {isa = PBXBuildFile; fileRef = C4EC56CE1FC661FE00A5AD27 /* LaunchScreen.storyboard */; };
		C4EC56DB1FC661FE00A5AD27 /* Score_CounterTests.swift in Sources */ = {isa = PBXBuildFile; fileRef = C4EC56DA1FC661FE00A5AD27 /* Score_CounterTests.swift */; };
		C4EC56E61FC661FE00A5AD27 /* Score_CounterUITests.swift in Sources */ = {isa = PBXBuildFile; fileRef = C4EC56E51FC661FE00A5AD27 /* Score_CounterUITests.swift */; };
/* End PBXBuildFile section */

/* Begin PBXContainerItemProxy section */
		C4EC56D71FC661FE00A5AD27 /* PBXContainerItemProxy */ = {
			isa = PBXContainerItemProxy;
			containerPortal = C4EC56BA1FC661FD00A5AD27 /* Project object */;
			proxyType = 1;
			remoteGlobalIDString = C4EC56C11FC661FE00A5AD27;
			remoteInfo = "Score Counter";
		};
		C4EC56E21FC661FE00A5AD27 /* PBXContainerItemProxy */ = {
			isa = PBXContainerItemProxy;
			containerPortal = C4EC56BA1FC661FD00A5AD27 /* Project object */;
			proxyType = 1;
			remoteGlobalIDString = C4EC56C11FC661FE00A5AD27;
			remoteInfo = "Score Counter";
		};
/* End PBXContainerItemProxy section */

/* Begin PBXFileReference section */
		C4EC56C21FC661FE00A5AD27 /* Score Counter.app */ = {isa = PBXFileReference; explicitFileType = wrapper.application; includeInIndex = 0; path = "Score Counter.app"; sourceTree = BUILT_PRODUCTS_DIR; };
		C4EC56C51FC661FE00A5AD27 /* AppDelegate.swift */ = {isa = PBXFileReference; lastKnownFileType = sourcecode.swift; path = AppDelegate.swift; sourceTree = "<group>"; };
		C4EC56C71FC661FE00A5AD27 /* ViewController.swift */ = {isa = PBXFileReference; lastKnownFileType = sourcecode.swift; path = ViewController.swift; sourceTree = "<group>"; };
		C4EC56CA1FC661FE00A5AD27 /* Base */ = {isa = PBXFileReference; lastKnownFileType = file.storyboard; name = Base; path = Base.lproj/Main.storyboard; sourceTree = "<group>"; };
		C4EC56CC1FC661FE00A5AD27 /* Assets.xcassets */ = {isa = PBXFileReference; lastKnownFileType = folder.assetcatalog; path = Assets.xcassets; sourceTree = "<group>"; };
		C4EC56CF1FC661FE00A5AD27 /* Base */ = {isa = PBXFileReference; lastKnownFileType = file.storyboard; name = Base; path = Base.lproj/LaunchScreen.storyboard; sourceTree = "<group>"; };
		C4EC56D11FC661FE00A5AD27 /* Info.plist */ = {isa = PBXFileReference; lastKnownFileType = text.plist.xml; path = Info.plist; sourceTree = "<group>"; };
		C4EC56D61FC661FE00A5AD27 /* Score CounterTests.xctest */ = {isa = PBXFileReference; explicitFileType = wrapper.cfbundle; includeInIndex = 0; path = "Score CounterTests.xctest"; sourceTree = BUILT_PRODUCTS_DIR; };
		C4EC56DA1FC661FE00A5AD27 /* Score_CounterTests.swift */ = {isa = PBXFileReference; lastKnownFileType = sourcecode.swift; path = Score_CounterTests.swift; sourceTree = "<group>"; };
		C4EC56DC1FC661FE00A5AD27 /* Info.plist */ = {isa = PBXFileReference; lastKnownFileType = text.plist.xml; path = Info.plist; sourceTree = "<group>"; };
		C4EC56E11FC661FE00A5AD27 /* Score CounterUITests.xctest */ = {isa = PBXFileReference; explicitFileType = wrapper.cfbundle; includeInIndex = 0; path = "Score CounterUITests.xctest"; sourceTree = BUILT_PRODUCTS_DIR; };
		C4EC56E51FC661FE00A5AD27 /* Score_CounterUITests.swift */ = {isa = PBXFileReference; lastKnownFileType = sourcecode.swift; path = Score_CounterUITests.swift; sourceTree = "<group>"; };
		C4EC56E71FC661FE00A5AD27 /* Info.plist */ = {isa = PBXFileReference; lastKnownFileType = text.plist.xml; path = Info.plist; sourceTree = "<group>"; };
/* End PBXFileReference section */

/* Begin PBXFrameworksBuildPhase section */
		C4EC56BF1FC661FE00A5AD27 /* Frameworks */ = {
			isa = PBXFrameworksBuildPhase;
			buildActionMask = 2147483647;
			files = (
			);
			runOnlyForDeploymentPostprocessing = 0;
		};
		C4EC56D31FC661FE00A5AD27 /* Frameworks */ = {
			isa = PBXFrameworksBuildPhase;
			buildActionMask = 2147483647;
			files = (
			);
			runOnlyForDeploymentPostprocessing = 0;
		};
		C4EC56DE1FC661FE00A5AD27 /* Frameworks */ = {
			isa = PBXFrameworksBuildPhase;
			buildActionMask = 2147483647;
			files = (
			);
			runOnlyForDeploymentPostprocessing = 0;
		};
/* End PBXFrameworksBuildPhase section */

/* Begin PBXGroup section */
		C4EC56B91FC661FD00A5AD27 = {
			isa = PBXGroup;
			children = (
				C4EC56C41FC661FE00A5AD27 /* Score Counter */,
				C4EC56D91FC661FE00A5AD27 /* Score CounterTests */,
				C4EC56E41FC661FE00A5AD27 /* Score CounterUITests */,
				C4EC56C31FC661FE00A5AD27 /* Products */,
			);
			sourceTree = "<group>";
		};
		C4EC56C31FC661FE00A5AD27 /* Products */ = {
			isa = PBXGroup;
			children = (
				C4EC56C21FC661FE00A5AD27 /* Score Counter.app */,
				C4EC56D61FC661FE00A5AD27 /* Score CounterTests.xctest */,
				C4EC56E11FC661FE00A5AD27 /* Score CounterUITests.xctest */,
			);
			name = Products;
			sourceTree = "<group>";
		};
		C4EC56C41FC661FE00A5AD27 /* Score Counter */ = {
			isa = PBXGroup;
			children = (
				C4EC56C51FC661FE00A5AD27 /* AppDelegate.swift */,
				C4EC56C71FC661FE00A5AD27 /* ViewController.swift */,
				C4EC56C91FC661FE00A5AD27 /* Main.storyboard */,
				C4EC56CC1FC661FE00A5AD27 /* Assets.xcassets */,
				C4EC56CE1FC661FE00A5AD27 /* LaunchScreen.storyboard */,
				C4EC56D11FC661FE00A5AD27 /* Info.plist */,
			);
			path = "Score Counter";
			sourceTree = "<group>";
		};
		C4EC56D91FC661FE00A5AD27 /* Score CounterTests */ = {
			isa = PBXGroup;
			children = (
				C4EC56DA1FC661FE00A5AD27 /* Score_CounterTests.swift */,
				C4EC56DC1FC661FE00A5AD27 /* Info.plist */,
			);
			path = "Score CounterTests";
			sourceTree = "<group>";
		};
		C4EC56E41FC661FE00A5AD27 /* Score CounterUITests */ = {
			isa = PBXGroup;
			children = (
				C4EC56E51FC661FE00A5AD27 /* Score_CounterUITests.swift */,
				C4EC56E71FC661FE00A5AD27 /* Info.plist */,
			);
			path = "Score CounterUITests";
			sourceTree = "<group>";
		};
/* End PBXGroup section */

/* Begin PBXNativeTarget section */
		C4EC56C11FC661FE00A5AD27 /* Score Counter */ = {
			isa = PBXNativeTarget;
			buildConfigurationList = C4EC56EA1FC661FE00A5AD27 /* Build configuration list for PBXNativeTarget "Score Counter" */;
			buildPhases = (
				C4EC56BE1FC661FE00A5AD27 /* Sources */,
				C4EC56BF1FC661FE00A5AD27 /* Frameworks */,
				C4EC56C01FC661FE00A5AD27 /* Resources */,
			);
			buildRules = (
			);
			dependencies = (
			);
			name = "Score Counter";
			productName = "Score Counter";
			productReference = C4EC56C21FC661FE00A5AD27 /* Score Counter.app */;
			productType = "com.apple.product-type.application";
		};
		C4EC56D51FC661FE00A5AD27 /* Score CounterTests */ = {
			isa = PBXNativeTarget;
			buildConfigurationList = C4EC56ED1FC661FE00A5AD27 /* Build configuration list for PBXNativeTarget "Score CounterTests" */;
			buildPhases = (
				C4EC56D21FC661FE00A5AD27 /* Sources */,
				C4EC56D31FC661FE00A5AD27 /* Frameworks */,
				C4EC56D41FC661FE00A5AD27 /* Resources */,
			);
			buildRules = (
			);
			dependencies = (
				C4EC56D81FC661FE00A5AD27 /* PBXTargetDependency */,
			);
			name = "Score CounterTests";
			productName = "Score CounterTests";
			productReference = C4EC56D61FC661FE00A5AD27 /* Score CounterTests.xctest */;
			productType = "com.apple.product-type.bundle.unit-test";
		};
		C4EC56E01FC661FE00A5AD27 /* Score CounterUITests */ = {
			isa = PBXNativeTarget;
			buildConfigurationList = C4EC56F01FC661FE00A5AD27 /* Build configuration list for PBXNativeTarget "Score CounterUITests" */;
			buildPhases = (
				C4EC56DD1FC661FE00A5AD27 /* Sources */,
				C4EC56DE1FC661FE00A5AD27 /* Frameworks */,
				C4EC56DF1FC661FE00A5AD27 /* Resources */,
			);
			buildRules = (
			);
			dependencies = (
				C4EC56E31FC661FE00A5AD27 /* PBXTargetDependency */,
			);
			name = "Score CounterUITests";
			productName = "Score CounterUITests";
			productReference = C4EC56E11FC661FE00A5AD27 /* Score CounterUITests.xctest */;
			productType = "com.apple.product-type.bundle.ui-testing";
		};
/* End PBXNativeTarget section */

/* Begin PBXProject section */
		C4EC56BA1FC661FD00A5AD27 /* Project object */ = {
			isa = PBXProject;
			attributes = {
				LastSwiftUpdateCheck = 0900;
				LastUpgradeCheck = 0900;
				ORGANIZATIONNAME = Gw;
				TargetAttributes = {
					C4EC56C11FC661FE00A5AD27 = {
						CreatedOnToolsVersion = 9.0;
						ProvisioningStyle = Automatic;
					};
					C4EC56D51FC661FE00A5AD27 = {
						CreatedOnToolsVersion = 9.0;
						ProvisioningStyle = Automatic;
						TestTargetID = C4EC56C11FC661FE00A5AD27;
					};
					C4EC56E01FC661FE00A5AD27 = {
						CreatedOnToolsVersion = 9.0;
						ProvisioningStyle = Automatic;
						TestTargetID = C4EC56C11FC661FE00A5AD27;
					};
				};
			};
			buildConfigurationList = C4EC56BD1FC661FE00A5AD27 /* Build configuration list for PBXProject "Score Counter" */;
			compatibilityVersion = "Xcode 8.0";
			developmentRegion = en;
			hasScannedForEncodings = 0;
			knownRegions = (
				en,
				Base,
			);
			mainGroup = C4EC56B91FC661FD00A5AD27;
			productRefGroup = C4EC56C31FC661FE00A5AD27 /* Products */;
			projectDirPath = "";
			projectRoot = "";
			targets = (
				C4EC56C11FC661FE00A5AD27 /* Score Counter */,
				C4EC56D51FC661FE00A5AD27 /* Score CounterTests */,
				C4EC56E01FC661FE00A5AD27 /* Score CounterUITests */,
			);
		};
/* End PBXProject section */

/* Begin PBXResourcesBuildPhase section */
		C4EC56C01FC661FE00A5AD27 /* Resources */ = {
			isa = PBXResourcesBuildPhase;
			buildActionMask = 2147483647;
			files = (
				C4EC56D01FC661FE00A5AD27 /* LaunchScreen.storyboard in Resources */,
				C4EC56CD1FC661FE00A5AD27 /* Assets.xcassets in Resources */,
				C4EC56CB1FC661FE00A5AD27 /* Main.storyboard in Resources */,
			);
			runOnlyForDeploymentPostprocessing = 0;
		};
		C4EC56D41FC661FE00A5AD27 /* Resources */ = {
			isa = PBXResourcesBuildPhase;
			buildActionMask = 2147483647;
			files = (
			);
			runOnlyForDeploymentPostprocessing = 0;
		};
		C4EC56DF1FC661FE00A5AD27 /* Resources */ = {
			isa = PBXResourcesBuildPhase;
			buildActionMask = 2147483647;
			files = (
			);
			runOnlyForDeploymentPostprocessing = 0;
		};
/* End PBXResourcesBuildPhase section */

/* Begin PBXSourcesBuildPhase section */
		C4EC56BE1FC661FE00A5AD27 /* Sources */ = {
			isa = PBXSourcesBuildPhase;
			buildActionMask = 2147483647;
			files = (
				C4EC56C81FC661FE00A5AD27 /* ViewController.swift in Sources */,
				C4EC56C61FC661FE00A5AD27 /* AppDelegate.swift in Sources */,
			);
			runOnlyForDeploymentPostprocessing = 0;
		};
		C4EC56D21FC661FE00A5AD27 /* Sources */ = {
			isa = PBXSourcesBuildPhase;
			buildActionMask = 2147483647;
			files = (
				C4EC56DB1FC661FE00A5AD27 /* Score_CounterTests.swift in Sources */,
			);
			runOnlyForDeploymentPostprocessing = 0;
		};
		C4EC56DD1FC661FE00A5AD27 /* Sources */ = {
			isa = PBXSourcesBuildPhase;
			buildActionMask = 2147483647;
			files = (
				C4EC56E61FC661FE00A5AD27 /* Score_CounterUITests.swift in Sources */,
			);
			runOnlyForDeploymentPostprocessing = 0;
		};
/* End PBXSourcesBuildPhase section */

/* Begin PBXTargetDependency section */
		C4EC56D81FC661FE00A5AD27 /* PBXTargetDependency */ = {
			isa = PBXTargetDependency;
			target = C4EC56C11FC661FE00A5AD27 /* Score Counter */;
			targetProxy = C4EC56D71FC661FE00A5AD27 /* PBXContainerItemProxy */;
		};
		C4EC56E31FC661FE00A5AD27 /* PBXTargetDependency */ = {
			isa = PBXTargetDependency;
			target = C4EC56C11FC661FE00A5AD27 /* Score Counter */;
			targetProxy = C4EC56E21FC661FE00A5AD27 /* PBXContainerItemProxy */;
		};
/* End PBXTargetDependency section */

/* Begin PBXVariantGroup section */
		C4EC56C91FC661FE00A5AD27 /* Main.storyboard */ = {
			isa = PBXVariantGroup;
			children = (
				C4EC56CA1FC661FE00A5AD27 /* Base */,
			);
			name = Main.storyboard;
			sourceTree = "<group>";
		};
		C4EC56CE1FC661FE00A5AD27 /* LaunchScreen.storyboard */ = {
			isa = PBXVariantGroup;
			children = (
				C4EC56CF1FC661FE00A5AD27 /* Base */,
			);
			name = LaunchScreen.storyboard;
			sourceTree = "<group>";
		};
/* End PBXVariantGroup section */

/* Begin XCBuildConfiguration section */
		C4EC56E81FC661FE00A5AD27 /* Debug */ = {
			isa = XCBuildConfiguration;
			buildSettings = {
				ALWAYS_SEARCH_USER_PATHS = NO;
				CLANG_ANALYZER_NONNULL = YES;
				CLANG_ANALYZER_NUMBER_OBJECT_CONVERSION = YES_AGGRESSIVE;
				CLANG_CXX_LANGUAGE_STANDARD = "gnu++14";
				CLANG_CXX_LIBRARY = "libc++";
				CLANG_ENABLE_MODULES = YES;
				CLANG_ENABLE_OBJC_ARC = YES;
				CLANG_WARN_BLOCK_CAPTURE_AUTORELEASING = YES;
				CLANG_WARN_BOOL_CONVERSION = YES;
				CLANG_WARN_COMMA = YES;
				CLANG_WARN_CONSTANT_CONVERSION = YES;
				CLANG_WARN_DIRECT_OBJC_ISA_USAGE = YES_ERROR;
				CLANG_WARN_DOCUMENTATION_COMMENTS = YES;
				CLANG_WARN_EMPTY_BODY = YES;
				CLANG_WARN_ENUM_CONVERSION = YES;
				CLANG_WARN_INFINITE_RECURSION = YES;
				CLANG_WARN_INT_CONVERSION = YES;
				CLANG_WARN_NON_LITERAL_NULL_CONVERSION = YES;
				CLANG_WARN_OBJC_LITERAL_CONVERSION = YES;
				CLANG_WARN_OBJC_ROOT_CLASS = YES_ERROR;
				CLANG_WARN_RANGE_LOOP_ANALYSIS = YES;
				CLANG_WARN_STRICT_PROTOTYPES = YES;
				CLANG_WARN_SUSPICIOUS_MOVE = YES;
				CLANG_WARN_UNGUARDED_AVAILABILITY = YES_AGGRESSIVE;
				CLANG_WARN_UNREACHABLE_CODE = YES;
				CLANG_WARN__DUPLICATE_METHOD_MATCH = YES;
				CODE_SIGN_IDENTITY = "iPhone Developer";
				COPY_PHASE_STRIP = NO;
				DEBUG_INFORMATION_FORMAT = dwarf;
				ENABLE_STRICT_OBJC_MSGSEND = YES;
				ENABLE_TESTABILITY = YES;
				GCC_C_LANGUAGE_STANDARD = gnu11;
				GCC_DYNAMIC_NO_PIC = NO;
				GCC_NO_COMMON_BLOCKS = YES;
				GCC_OPTIMIZATION_LEVEL = 0;
				GCC_PREPROCESSOR_DEFINITIONS = (
					"DEBUG=1",
					"$(inherited)",
				);
				GCC_WARN_64_TO_32_BIT_CONVERSION = YES;
				GCC_WARN_ABOUT_RETURN_TYPE = YES_ERROR;
				GCC_WARN_UNDECLARED_SELECTOR = YES;
				GCC_WARN_UNINITIALIZED_AUTOS = YES_AGGRESSIVE;
				GCC_WARN_UNUSED_FUNCTION = YES;
				GCC_WARN_UNUSED_VARIABLE = YES;
				IPHONEOS_DEPLOYMENT_TARGET = 11.0;
				MTL_ENABLE_DEBUG_INFO = YES;
				ONLY_ACTIVE_ARCH = YES;
				SDKROOT = iphoneos;
				SWIFT_ACTIVE_COMPILATION_CONDITIONS = DEBUG;
				SWIFT_OPTIMIZATION_LEVEL = "-Onone";
			};
			name = Debug;
		};
		C4EC56E91FC661FE00A5AD27 /* Release */ = {
			isa = XCBuildConfiguration;
			buildSettings = {
				ALWAYS_SEARCH_USER_PATHS = NO;
				CLANG_ANALYZER_NONNULL = YES;
				CLANG_ANALYZER_NUMBER_OBJECT_CONVERSION = YES_AGGRESSIVE;
				CLANG_CXX_LANGUAGE_STANDARD = "gnu++14";
				CLANG_CXX_LIBRARY = "libc++";
				CLANG_ENABLE_MODULES = YES;
				CLANG_ENABLE_OBJC_ARC = YES;
				CLANG_WARN_BLOCK_CAPTURE_AUTORELEASING = YES;
				CLANG_WARN_BOOL_CONVERSION = YES;
				CLANG_WARN_COMMA = YES;
				CLANG_WARN_CONSTANT_CONVERSION = YES;
				CLANG_WARN_DIRECT_OBJC_ISA_USAGE = YES_ERROR;
				CLANG_WARN_DOCUMENTATION_COMMENTS = YES;
				CLANG_WARN_EMPTY_BODY = YES;
				CLANG_WARN_ENUM_CONVERSION = YES;
				CLANG_WARN_INFINITE_RECURSION = YES;
				CLANG_WARN_INT_CONVERSION = YES;
				CLANG_WARN_NON_LITERAL_NULL_CONVERSION = YES;
				CLANG_WARN_OBJC_LITERAL_CONVERSION = YES;
				CLANG_WARN_OBJC_ROOT_CLASS = YES_ERROR;
				CLANG_WARN_RANGE_LOOP_ANALYSIS = YES;
				CLANG_WARN_STRICT_PROTOTYPES = YES;
				CLANG_WARN_SUSPICIOUS_MOVE = YES;
				CLANG_WARN_UNGUARDED_AVAILABILITY = YES_AGGRESSIVE;
				CLANG_WARN_UNREACHABLE_CODE = YES;
				CLANG_WARN__DUPLICATE_METHOD_MATCH = YES;
				CODE_SIGN_IDENTITY = "iPhone Developer";
				COPY_PHASE_STRIP = NO;
				DEBUG_INFORMATION_FORMAT = "dwarf-with-dsym";
				ENABLE_NS_ASSERTIONS = NO;
				ENABLE_STRICT_OBJC_MSGSEND = YES;
				GCC_C_LANGUAGE_STANDARD = gnu11;
				GCC_NO_COMMON_BLOCKS = YES;
				GCC_WARN_64_TO_32_BIT_CONVERSION = YES;
				GCC_WARN_ABOUT_RETURN_TYPE = YES_ERROR;
				GCC_WARN_UNDECLARED_SELECTOR = YES;
				GCC_WARN_UNINITIALIZED_AUTOS = YES_AGGRESSIVE;
				GCC_WARN_UNUSED_FUNCTION = YES;
				GCC_WARN_UNUSED_VARIABLE = YES;
				IPHONEOS_DEPLOYMENT_TARGET = 11.0;
				MTL_ENABLE_DEBUG_INFO = NO;
				SDKROOT = iphoneos;
				SWIFT_OPTIMIZATION_LEVEL = "-Owholemodule";
				VALIDATE_PRODUCT = YES;
			};
			name = Release;
		};
		C4EC56EB1FC661FE00A5AD27 /* Debug */ = {
			isa = XCBuildConfiguration;
			buildSettings = {
				ASSETCATALOG_COMPILER_APPICON_NAME = AppIcon;
				CODE_SIGN_STYLE = Automatic;
				INFOPLIST_FILE = "Score Counter/Info.plist";
				LD_RUNPATH_SEARCH_PATHS = "$(inherited) @executable_path/Frameworks";
				PRODUCT_BUNDLE_IDENTIFIER = "F.Score-Counter";
				PRODUCT_NAME = "$(TARGET_NAME)";
				SWIFT_VERSION = 4.0;
				TARGETED_DEVICE_FAMILY = "1,2";
			};
			name = Debug;
		};
		C4EC56EC1FC661FE00A5AD27 /* Release */ = {
			isa = XCBuildConfiguration;
			buildSettings = {
				ASSETCATALOG_COMPILER_APPICON_NAME = AppIcon;
				CODE_SIGN_STYLE = Automatic;
				INFOPLIST_FILE = "Score Counter/Info.plist";
				LD_RUNPATH_SEARCH_PATHS = "$(inherited) @executable_path/Frameworks";
				PRODUCT_BUNDLE_IDENTIFIER = "F.Score-Counter";
				PRODUCT_NAME = "$(TARGET_NAME)";
				SWIFT_VERSION = 4.0;
				TARGETED_DEVICE_FAMILY = "1,2";
			};
			name = Release;
		};
		C4EC56EE1FC661FE00A5AD27 /* Debug */ = {
			isa = XCBuildConfiguration;
			buildSettings = {
				ALWAYS_EMBED_SWIFT_STANDARD_LIBRARIES = YES;
				BUNDLE_LOADER = "$(TEST_HOST)";
				CODE_SIGN_STYLE = Automatic;
				INFOPLIST_FILE = "Score CounterTests/Info.plist";
				LD_RUNPATH_SEARCH_PATHS = "$(inherited) @executable_path/Frameworks @loader_path/Frameworks";
				PRODUCT_BUNDLE_IDENTIFIER = "F.Score-CounterTests";
				PRODUCT_NAME = "$(TARGET_NAME)";
				SWIFT_VERSION = 4.0;
				TARGETED_DEVICE_FAMILY = "1,2";
				TEST_HOST = "$(BUILT_PRODUCTS_DIR)/Score Counter.app/Score Counter";
			};
			name = Debug;
		};
		C4EC56EF1FC661FE00A5AD27 /* Release */ = {
			isa = XCBuildConfiguration;
			buildSettings = {
				ALWAYS_EMBED_SWIFT_STANDARD_LIBRARIES = YES;
				BUNDLE_LOADER = "$(TEST_HOST)";
				CODE_SIGN_STYLE = Automatic;
				INFOPLIST_FILE = "Score CounterTests/Info.plist";
				LD_RUNPATH_SEARCH_PATHS = "$(inherited) @executable_path/Frameworks @loader_path/Frameworks";
				PRODUCT_BUNDLE_IDENTIFIER = "F.Score-CounterTests";
				PRODUCT_NAME = "$(TARGET_NAME)";
				SWIFT_VERSION = 4.0;
				TARGETED_DEVICE_FAMILY = "1,2";
				TEST_HOST = "$(BUILT_PRODUCTS_DIR)/Score Counter.app/Score Counter";
			};
			name = Release;
		};
		C4EC56F11FC661FE00A5AD27 /* Debug */ = {
			isa = XCBuildConfiguration;
			buildSettings = {
				ALWAYS_EMBED_SWIFT_STANDARD_LIBRARIES = YES;
				CODE_SIGN_STYLE = Automatic;
				INFOPLIST_FILE = "Score CounterUITests/Info.plist";
				LD_RUNPATH_SEARCH_PATHS = "$(inherited) @executable_path/Frameworks @loader_path/Frameworks";
				PRODUCT_BUNDLE_IDENTIFIER = "F.Score-CounterUITests";
				PRODUCT_NAME = "$(TARGET_NAME)";
				SWIFT_VERSION = 4.0;
				TARGETED_DEVICE_FAMILY = "1,2";
				TEST_TARGET_NAME = "Score Counter";
			};
			name = Debug;
		};
		C4EC56F21FC661FE00A5AD27 /* Release */ = {
			isa = XCBuildConfiguration;
			buildSettings = {
				ALWAYS_EMBED_SWIFT_STANDARD_LIBRARIES = YES;
				CODE_SIGN_STYLE = Automatic;
				INFOPLIST_FILE = "Score CounterUITests/Info.plist";
				LD_RUNPATH_SEARCH_PATHS = "$(inherited) @executable_path/Frameworks @loader_path/Frameworks";
				PRODUCT_BUNDLE_IDENTIFIER = "F.Score-CounterUITests";
				PRODUCT_NAME = "$(TARGET_NAME)";
				SWIFT_VERSION = 4.0;
				TARGETED_DEVICE_FAMILY = "1,2";
				TEST_TARGET_NAME = "Score Counter";
			};
			name = Release;
		};
/* End XCBuildConfiguration section */

/* Begin XCConfigurationList section */
		C4EC56BD1FC661FE00A5AD27 /* Build configuration list for PBXProject "Score Counter" */ = {
			isa = XCConfigurationList;
			buildConfigurations = (
				C4EC56E81FC661FE00A5AD27 /* Debug */,
				C4EC56E91FC661FE00A5AD27 /* Release */,
			);
			defaultConfigurationIsVisible = 0;
			defaultConfigurationName = Release;
		};
		C4EC56EA1FC661FE00A5AD27 /* Build configuration list for PBXNativeTarget "Score Counter" */ = {
			isa = XCConfigurationList;
			buildConfigurations = (
				C4EC56EB1FC661FE00A5AD27 /* Debug */,
				C4EC56EC1FC661FE00A5AD27 /* Release */,
			);
			defaultConfigurationIsVisible = 0;
			defaultConfigurationName = Release;
		};
		C4EC56ED1FC661FE00A5AD27 /* Build configuration list for PBXNativeTarget "Score CounterTests" */ = {
			isa = XCConfigurationList;
			buildConfigurations = (
				C4EC56EE1FC661FE00A5AD27 /* Debug */,
				C4EC56EF1FC661FE00A5AD27 /* Release */,
			);
			defaultConfigurationIsVisible = 0;
			defaultConfigurationName = Release;
		};
		C4EC56F01FC661FE00A5AD27 /* Build configuration list for PBXNativeTarget "Score CounterUITests" */ = {
			isa = XCConfigurationList;
			buildConfigurations = (
				C4EC56F11FC661FE00A5AD27 /* Debug */,
				C4EC56F21FC661FE00A5AD27 /* Release */,
			);
			defaultConfigurationIsVisible = 0;
			defaultConfigurationName = Release;
		};
/* End XCConfigurationList section */
	};
	rootObject = C4EC56BA1FC661FD00A5AD27 /* Project object */;
}
